
Microsoft Visual Studio Solution File, Format Version 12.00
# Visual Studio Version 16
VisualStudioVersion = 16.0.30204.135
MinimumVisualStudioVersion = 10.0.40219.1
Project("{FAE04EC0-301F-11D3-BF4B-00C04F79EFBC}") = "WordManipulateAPI", "WordManipulateAPI\WordManipulateAPI.csproj", "{0B6E6EF2-7AC9-44CA-A7CE-E2D1F20188E5}"
EndProject
Global
	GlobalSection(SolutionConfigurationPlatforms) = preSolution
		Debug|Any CPU = Debug|Any CPU
		Release|Any CPU = Release|Any CPU
	EndGlobalSection
	GlobalSection(ProjectConfigurationPlatforms) = postSolution
		{0B6E6EF2-7AC9-44CA-A7CE-E2D1F20188E5}.Debug|Any CPU.ActiveCfg = Debug|Any CPU
		{0B6E6EF2-7AC9-44CA-A7CE-E2D1F20188E5}.Debug|Any CPU.Build.0 = Debug|Any CPU
		{0B6E6EF2-7AC9-44CA-A7CE-E2D1F20188E5}.Release|Any CPU.ActiveCfg = Release|Any CPU
		{0B6E6EF2-7AC9-44CA-A7CE-E2D1F20188E5}.Release|Any CPU.Build.0 = Release|Any CPU
	EndGlobalSection
	GlobalSection(SolutionProperties) = preSolution
		HideSolutionNode = FALSE
	EndGlobalSection
	GlobalSection(ExtensibilityGlobals) = postSolution
		SolutionGuid = {1AA0B5A7-3F01-4BDE-AA32-E2B23C2522E2}
	EndGlobalSection
EndGlobal
